// !$*UTF8*$!
{
	archiveVersion = 1;
	classes = {
	};
	objectVersion = 46;
	objects = {

/* Begin PBXBuildFile section */
		843E4CA114A331DF00B74789 /* UIKit.framework in Frameworks */ = {isa = PBXBuildFile; fileRef = 843E4CA014A331DF00B74789 /* UIKit.framework */; };
		843E4CA314A331DF00B74789 /* Foundation.framework in Frameworks */ = {isa = PBXBuildFile; fileRef = 843E4CA214A331DF00B74789 /* Foundation.framework */; };
		843E4CA514A331DF00B74789 /* CoreGraphics.framework in Frameworks */ = {isa = PBXBuildFile; fileRef = 843E4CA414A331DF00B74789 /* CoreGraphics.framework */; };
		843E4CAB14A331DF00B74789 /* InfoPlist.strings in Resources */ = {isa = PBXBuildFile; fileRef = 843E4CA914A331DF00B74789 /* InfoPlist.strings */; };
		843E4CAD14A331DF00B74789 /* main.m in Sources */ = {isa = PBXBuildFile; fileRef = 843E4CAC14A331DF00B74789 /* main.m */; };
		843E4CB114A331DF00B74789 /* AppDelegate.m in Sources */ = {isa = PBXBuildFile; fileRef = 843E4CB014A331DF00B74789 /* AppDelegate.m */; };
		843E4CB414A331DF00B74789 /* MasterViewController.m in Sources */ = {isa = PBXBuildFile; fileRef = 843E4CB314A331DF00B74789 /* MasterViewController.m */; };
		843E4CB714A331DF00B74789 /* DetailViewController.m in Sources */ = {isa = PBXBuildFile; fileRef = 843E4CB614A331DF00B74789 /* DetailViewController.m */; };
		843E4CBA14A331DF00B74789 /* MasterViewController.xib in Resources */ = {isa = PBXBuildFile; fileRef = 843E4CB814A331DF00B74789 /* MasterViewController.xib */; };
		843E4CBD14A331DF00B74789 /* DetailViewController.xib in Resources */ = {isa = PBXBuildFile; fileRef = 843E4CBB14A331DF00B74789 /* DetailViewController.xib */; };
		843E4CC714A3335800B74789 /* LVImageAndDescription.m in Sources */ = {isa = PBXBuildFile; fileRef = 843E4CC614A3335800B74789 /* LVImageAndDescription.m */; };
		843E4CCD14A334C400B74789 /* ImageAndDescription.xib in Resources */ = {isa = PBXBuildFile; fileRef = 843E4CCB14A334C400B74789 /* ImageAndDescription.xib */; };
		845083EF14D5BC0E00C8D79C /* auxiliaryImages in Resources */ = {isa = PBXBuildFile; fileRef = 845083ED14D5BC0E00C8D79C /* auxiliaryImages */; };
		845083F014D5BC0E00C8D79C /* Images in Resources */ = {isa = PBXBuildFile; fileRef = 845083EE14D5BC0E00C8D79C /* Images */; };
/* End PBXBuildFile section */

/* Begin PBXFileReference section */
		843E4C9C14A331DF00B74789 /* imageLibrary2.app */ = {isa = PBXFileReference; explicitFileType = wrapper.application; includeInIndex = 0; path = imageLibrary2.app; sourceTree = BUILT_PRODUCTS_DIR; };
		843E4CA014A331DF00B74789 /* UIKit.framework */ = {isa = PBXFileReference; lastKnownFileType = wrapper.framework; name = UIKit.framework; path = System/Library/Frameworks/UIKit.framework; sourceTree = SDKROOT; };
		843E4CA214A331DF00B74789 /* Foundation.framework */ = {isa = PBXFileReference; lastKnownFileType = wrapper.framework; name = Foundation.framework; path = System/Library/Frameworks/Foundation.framework; sourceTree = SDKROOT; };
		843E4CA414A331DF00B74789 /* CoreGraphics.framework */ = {isa = PBXFileReference; lastKnownFileType = wrapper.framework; name = CoreGraphics.framework; path = System/Library/Frameworks/CoreGraphics.framework; sourceTree = SDKROOT; };
		843E4CA814A331DF00B74789 /* imageLibrary2-Info.plist */ = {isa = PBXFileReference; lastKnownFileType = text.plist.xml; path = "imageLibrary2-Info.plist"; sourceTree = "<group>"; };
		843E4CAA14A331DF00B74789 /* en */ = {isa = PBXFileReference; lastKnownFileType = text.plist.strings; name = en; path = en.lproj/InfoPlist.strings; sourceTree = "<group>"; };
		843E4CAC14A331DF00B74789 /* main.m */ = {isa = PBXFileReference; lastKnownFileType = sourcecode.c.objc; path = main.m; sourceTree = "<group>"; };
		843E4CAE14A331DF00B74789 /* imageLibrary2-Prefix.pch */ = {isa = PBXFileReference; lastKnownFileType = sourcecode.c.h; path = "imageLibrary2-Prefix.pch"; sourceTree = "<group>"; };
		843E4CAF14A331DF00B74789 /* AppDelegate.h */ = {isa = PBXFileReference; lastKnownFileType = sourcecode.c.h; path = AppDelegate.h; sourceTree = "<group>"; };
		843E4CB014A331DF00B74789 /* AppDelegate.m */ = {isa = PBXFileReference; lastKnownFileType = sourcecode.c.objc; path = AppDelegate.m; sourceTree = "<group>"; };
		843E4CB214A331DF00B74789 /* MasterViewController.h */ = {isa = PBXFileReference; lastKnownFileType = sourcecode.c.h; path = MasterViewController.h; sourceTree = "<group>"; };
		843E4CB314A331DF00B74789 /* MasterViewController.m */ = {isa = PBXFileReference; lastKnownFileType = sourcecode.c.objc; path = MasterViewController.m; sourceTree = "<group>"; };
		843E4CB514A331DF00B74789 /* DetailViewController.h */ = {isa = PBXFileReference; lastKnownFileType = sourcecode.c.h; path = DetailViewController.h; sourceTree = "<group>"; };
		843E4CB614A331DF00B74789 /* DetailViewController.m */ = {isa = PBXFileReference; lastKnownFileType = sourcecode.c.objc; path = DetailViewController.m; sourceTree = "<group>"; };
		843E4CB914A331DF00B74789 /* en */ = {isa = PBXFileReference; lastKnownFileType = file.xib; name = en; path = en.lproj/MasterViewController.xib; sourceTree = "<group>"; };
		843E4CBC14A331DF00B74789 /* en */ = {isa = PBXFileReference; lastKnownFileType = file.xib; name = en; path = en.lproj/DetailViewController.xib; sourceTree = "<group>"; };
		843E4CC514A3335800B74789 /* LVImageAndDescription.h */ = {isa = PBXFileReference; fileEncoding = 4; lastKnownFileType = sourcecode.c.h; path = LVImageAndDescription.h; sourceTree = "<group>"; };
		843E4CC614A3335800B74789 /* LVImageAndDescription.m */ = {isa = PBXFileReference; fileEncoding = 4; lastKnownFileType = sourcecode.c.objc; path = LVImageAndDescription.m; sourceTree = "<group>"; };
		843E4CCC14A334C400B74789 /* en */ = {isa = PBXFileReference; lastKnownFileType = file.xib; name = en; path = en.lproj/ImageAndDescription.xib; sourceTree = "<group>"; };
		845083ED14D5BC0E00C8D79C /* auxiliaryImages */ = {isa = PBXFileReference; lastKnownFileType = folder; path = auxiliaryImages; sourceTree = "<group>"; };
		845083EE14D5BC0E00C8D79C /* Images */ = {isa = PBXFileReference; lastKnownFileType = folder; path = Images; sourceTree = "<group>"; };
/* End PBXFileReference section */

/* Begin PBXFrameworksBuildPhase section */
		843E4C9914A331DF00B74789 /* Frameworks */ = {
			isa = PBXFrameworksBuildPhase;
			buildActionMask = 2147483647;
			files = (
				843E4CA114A331DF00B74789 /* UIKit.framework in Frameworks */,
				843E4CA314A331DF00B74789 /* Foundation.framework in Frameworks */,
				843E4CA514A331DF00B74789 /* CoreGraphics.framework in Frameworks */,
			);
			runOnlyForDeploymentPostprocessing = 0;
		};
/* End PBXFrameworksBuildPhase section */

/* Begin PBXGroup section */
		843E4C9114A331DF00B74789 = {
			isa = PBXGroup;
			children = (
				845083ED14D5BC0E00C8D79C /* auxiliaryImages */,
				845083EE14D5BC0E00C8D79C /* Images */,
				843E4CA614A331DF00B74789 /* imageLibrary2 */,
				843E4C9F14A331DF00B74789 /* Frameworks */,
				843E4C9D14A331DF00B74789 /* Products */,
			);
			sourceTree = "<group>";
		};
		843E4C9D14A331DF00B74789 /* Products */ = {
			isa = PBXGroup;
			children = (
				843E4C9C14A331DF00B74789 /* imageLibrary2.app */,
			);
			name = Products;
			sourceTree = "<group>";
		};
		843E4C9F14A331DF00B74789 /* Frameworks */ = {
			isa = PBXGroup;
			children = (
				843E4CA014A331DF00B74789 /* UIKit.framework */,
				843E4CA214A331DF00B74789 /* Foundation.framework */,
				843E4CA414A331DF00B74789 /* CoreGraphics.framework */,
			);
			name = Frameworks;
			sourceTree = "<group>";
		};
		843E4CA614A331DF00B74789 /* imageLibrary2 */ = {
			isa = PBXGroup;
			children = (
				843E4CAF14A331DF00B74789 /* AppDelegate.h */,
				843E4CB014A331DF00B74789 /* AppDelegate.m */,
				843E4CB214A331DF00B74789 /* MasterViewController.h */,
				843E4CB314A331DF00B74789 /* MasterViewController.m */,
				843E4CB514A331DF00B74789 /* DetailViewController.h */,
				843E4CB614A331DF00B74789 /* DetailViewController.m */,
				843E4CC514A3335800B74789 /* LVImageAndDescription.h */,
				843E4CC614A3335800B74789 /* LVImageAndDescription.m */,
				843E4CB814A331DF00B74789 /* MasterViewController.xib */,
				843E4CBB14A331DF00B74789 /* DetailViewController.xib */,
				843E4CCB14A334C400B74789 /* ImageAndDescription.xib */,
				843E4CA714A331DF00B74789 /* Supporting Files */,
			);
			path = imageLibrary2;
			sourceTree = "<group>";
		};
		843E4CA714A331DF00B74789 /* Supporting Files */ = {
			isa = PBXGroup;
			children = (
				843E4CA814A331DF00B74789 /* imageLibrary2-Info.plist */,
				843E4CA914A331DF00B74789 /* InfoPlist.strings */,
				843E4CAC14A331DF00B74789 /* main.m */,
				843E4CAE14A331DF00B74789 /* imageLibrary2-Prefix.pch */,
			);
			name = "Supporting Files";
			sourceTree = "<group>";
		};
/* End PBXGroup section */

/* Begin PBXNativeTarget section */
		843E4C9B14A331DF00B74789 /* imageLibrary2 */ = {
			isa = PBXNativeTarget;
			buildConfigurationList = 843E4CC014A331DF00B74789 /* Build configuration list for PBXNativeTarget "imageLibrary2" */;
			buildPhases = (
				843E4C9814A331DF00B74789 /* Sources */,
				843E4C9914A331DF00B74789 /* Frameworks */,
				843E4C9A14A331DF00B74789 /* Resources */,
			);
			buildRules = (
			);
			dependencies = (
			);
			name = imageLibrary2;
			productName = imageLibrary2;
			productReference = 843E4C9C14A331DF00B74789 /* imageLibrary2.app */;
			productType = "com.apple.product-type.application";
		};
/* End PBXNativeTarget section */

/* Begin PBXProject section */
		843E4C9314A331DF00B74789 /* Project object */ = {
			isa = PBXProject;
			attributes = {
				LastUpgradeCheck = 0420;
			};
			buildConfigurationList = 843E4C9614A331DF00B74789 /* Build configuration list for PBXProject "imageLibrary2" */;
			compatibilityVersion = "Xcode 3.2";
			developmentRegion = English;
			hasScannedForEncodings = 0;
			knownRegions = (
				en,
			);
			mainGroup = 843E4C9114A331DF00B74789;
			productRefGroup = 843E4C9D14A331DF00B74789 /* Products */;
			projectDirPath = "";
			projectRoot = "";
			targets = (
				843E4C9B14A331DF00B74789 /* imageLibrary2 */,
			);
		};
/* End PBXProject section */

/* Begin PBXResourcesBuildPhase section */
		843E4C9A14A331DF00B74789 /* Resources */ = {
			isa = PBXResourcesBuildPhase;
			buildActionMask = 2147483647;
			files = (
				843E4CAB14A331DF00B74789 /* InfoPlist.strings in Resources */,
				843E4CBA14A331DF00B74789 /* MasterViewController.xib in Resources */,
				843E4CBD14A331DF00B74789 /* DetailViewController.xib in Resources */,
				843E4CCD14A334C400B74789 /* ImageAndDescription.xib in Resources */,
				845083EF14D5BC0E00C8D79C /* auxiliaryImages in Resources */,
				845083F014D5BC0E00C8D79C /* Images in Resources */,
			);
			runOnlyForDeploymentPostprocessing = 0;
		};
/* End PBXResourcesBuildPhase section */

/* Begin PBXSourcesBuildPhase section */
		843E4C9814A331DF00B74789 /* Sources */ = {
			isa = PBXSourcesBuildPhase;
			buildActionMask = 2147483647;
			files = (
				843E4CAD14A331DF00B74789 /* main.m in Sources */,
				843E4CB114A331DF00B74789 /* AppDelegate.m in Sources */,
				843E4CB414A331DF00B74789 /* MasterViewController.m in Sources */,
				843E4CB714A331DF00B74789 /* DetailViewController.m in Sources */,
				843E4CC714A3335800B74789 /* LVImageAndDescription.m in Sources */,
			);
			runOnlyForDeploymentPostprocessing = 0;
		};
/* End PBXSourcesBuildPhase section */

/* Begin PBXVariantGroup section */
		843E4CA914A331DF00B74789 /* InfoPlist.strings */ = {
			isa = PBXVariantGroup;
			children = (
				843E4CAA14A331DF00B74789 /* en */,
			);
			name = InfoPlist.strings;
			sourceTree = "<group>";
		};
		843E4CB814A331DF00B74789 /* MasterViewController.xib */ = {
			isa = PBXVariantGroup;
			children = (
				843E4CB914A331DF00B74789 /* en */,
			);
			name = MasterViewController.xib;
			sourceTree = "<group>";
		};
		843E4CBB14A331DF00B74789 /* DetailViewController.xib */ = {
			isa = PBXVariantGroup;
			children = (
				843E4CBC14A331DF00B74789 /* en */,
			);
			name = DetailViewController.xib;
			sourceTree = "<group>";
		};
		843E4CCB14A334C400B74789 /* ImageAndDescription.xib */ = {
			isa = PBXVariantGroup;
			children = (
				843E4CCC14A334C400B74789 /* en */,
			);
			name = ImageAndDescription.xib;
			sourceTree = "<group>";
		};
/* End PBXVariantGroup section */

/* Begin XCBuildConfiguration section */
		843E4CBE14A331DF00B74789 /* Debug */ = {
			isa = XCBuildConfiguration;
			buildSettings = {
				ALWAYS_SEARCH_USER_PATHS = NO;
				ARCHS = "$(ARCHS_STANDARD_32_BIT)";
				"CODE_SIGN_IDENTITY[sdk=iphoneos*]" = "iPhone Developer";
				COPY_PHASE_STRIP = NO;
				GCC_C_LANGUAGE_STANDARD = gnu99;
				GCC_DYNAMIC_NO_PIC = NO;
				GCC_OPTIMIZATION_LEVEL = 0;
				GCC_PREPROCESSOR_DEFINITIONS = (
					"DEBUG=1",
					"$(inherited)",
				);
				GCC_SYMBOLS_PRIVATE_EXTERN = NO;
				GCC_VERSION = com.apple.compilers.llvm.clang.1_0;
				GCC_WARN_ABOUT_MISSING_PROTOTYPES = YES;
				GCC_WARN_ABOUT_RETURN_TYPE = YES;
				GCC_WARN_UNUSED_VARIABLE = YES;
				IPHONEOS_DEPLOYMENT_TARGET = 5.0;
				SDKROOT = iphoneos;
			};
			name = Debug;
		};
		843E4CBF14A331DF00B74789 /* Release */ = {
			isa = XCBuildConfiguration;
			buildSettings = {
				ALWAYS_SEARCH_USER_PATHS = NO;
				ARCHS = "$(ARCHS_STANDARD_32_BIT)";
				"CODE_SIGN_IDENTITY[sdk=iphoneos*]" = "iPhone Developer";
				COPY_PHASE_STRIP = YES;
				GCC_C_LANGUAGE_STANDARD = gnu99;
				GCC_VERSION = com.apple.compilers.llvm.clang.1_0;
				GCC_WARN_ABOUT_MISSING_PROTOTYPES = YES;
				GCC_WARN_ABOUT_RETURN_TYPE = YES;
				GCC_WARN_UNUSED_VARIABLE = YES;
				IPHONEOS_DEPLOYMENT_TARGET = 5.0;
				OTHER_CFLAGS = "-DNS_BLOCK_ASSERTIONS=1";
				SDKROOT = iphoneos;
				VALIDATE_PRODUCT = YES;
			};
			name = Release;
		};
		843E4CC114A331DF00B74789 /* Debug */ = {
			isa = XCBuildConfiguration;
			buildSettings = {
				GCC_PRECOMPILE_PREFIX_HEADER = YES;
				GCC_PREFIX_HEADER = "imageLibrary2/imageLibrary2-Prefix.pch";
				INFOPLIST_FILE = "imageLibrary2/imageLibrary2-Info.plist";
				PRODUCT_NAME = "$(TARGET_NAME)";
				WRAPPER_EXTENSION = app;
			};
			name = Debug;
		};
		843E4CC214A331DF00B74789 /* Release */ = {
			isa = XCBuildConfiguration;
			buildSettings = {
				GCC_PRECOMPILE_PREFIX_HEADER = YES;
				GCC_PREFIX_HEADER = "imageLibrary2/imageLibrary2-Prefix.pch";
				INFOPLIST_FILE = "imageLibrary2/imageLibrary2-Info.plist";
				PRODUCT_NAME = "$(TARGET_NAME)";
				WRAPPER_EXTENSION = app;
			};
			name = Release;
		};
/* End XCBuildConfiguration section */

/* Begin XCConfigurationList section */
		843E4C9614A331DF00B74789 /* Build configuration list for PBXProject "imageLibrary2" */ = {
			isa = XCConfigurationList;
			buildConfigurations = (
				843E4CBE14A331DF00B74789 /* Debug */,
				843E4CBF14A331DF00B74789 /* Release */,
			);
			defaultConfigurationIsVisible = 0;
			defaultConfigurationName = Release;
		};
		843E4CC014A331DF00B74789 /* Build configuration list for PBXNativeTarget "imageLibrary2" */ = {
			isa = XCConfigurationList;
			buildConfigurations = (
				843E4CC114A331DF00B74789 /* Debug */,
				843E4CC214A331DF00B74789 /* Release */,
			);
			defaultConfigurationIsVisible = 0;
			defaultConfigurationName = Release;
		};
/* End XCConfigurationList section */
	};
	rootObject = 843E4C9314A331DF00B74789 /* Project object */;
}
